
Microsoft Visual Studio Solution File, Format Version 12.00
# Visual Studio Version 17
VisualStudioVersion = 17.13.35806.99 d17.13
MinimumVisualStudioVersion = 10.0.40219.1
Project("{FAE04EC0-301F-11D3-BF4B-00C04F79EFBC}") = "E-Commerece.Wep", "E-Commerece.Wep\E-Commerece.Wep.csproj", "{C81514CA-EBD8-4E9A-8249-993D560BE13A}"
EndProject
Project("{2150E333-8FDC-42A3-9474-1A3956D46DE8}") = "Core", "Core", "{02EA681E-C7D8-13C7-8484-4AC65E1B71E8}"
EndProject
Project("{FAE04EC0-301F-11D3-BF4B-00C04F79EFBC}") = "Domain", "Core\Domain\Domain.csproj", "{351D15B2-BE28-42D3-95C9-AEE694BD60B8}"
EndProject
Project("{FAE04EC0-301F-11D3-BF4B-00C04F79EFBC}") = "Sevices", "Core\Sevices\Sevices.csproj", "{D662352C-22DE-4EDA-B83D-D8AD6569BA90}"
EndProject
Project("{FAE04EC0-301F-11D3-BF4B-00C04F79EFBC}") = "Abstraction", "Core\Abstraction\Abstraction.csproj", "{5829F057-5890-4A9E-A9CC-BB42FB396D19}"
EndProject
Project("{2150E333-8FDC-42A3-9474-1A3956D46DE8}") = "Infrastructure", "Infrastructure", "{84726D92-294B-450E-BAC2-E6626B637A0B}"
EndProject
Project("{FAE04EC0-301F-11D3-BF4B-00C04F79EFBC}") = "Persistence", "Infrastructure\Persistence\Persistence.csproj", "{2652084C-0D1E-40D4-A072-CA50DD7EDBCC}"
EndProject
Project("{FAE04EC0-301F-11D3-BF4B-00C04F79EFBC}") = "Peresentation", "Infrastructure\Peresentation\Peresentation.csproj", "{33413E3B-2890-430A-BE39-8BFCC286C682}"
EndProject
Project("{FAE04EC0-301F-11D3-BF4B-00C04F79EFBC}") = "Shared", "Shared\Shared.csproj", "{215EA113-2213-40EB-A2F6-A41514D2EF5D}"
EndProject
Global
	GlobalSection(SolutionConfigurationPlatforms) = preSolution
		Debug|Any CPU = Debug|Any CPU
		Release|Any CPU = Release|Any CPU
	EndGlobalSection
	GlobalSection(ProjectConfigurationPlatforms) = postSolution
		{C81514CA-EBD8-4E9A-8249-993D560BE13A}.Debug|Any CPU.ActiveCfg = Debug|Any CPU
		{C81514CA-EBD8-4E9A-8249-993D560BE13A}.Debug|Any CPU.Build.0 = Debug|Any CPU
		{C81514CA-EBD8-4E9A-8249-993D560BE13A}.Release|Any CPU.ActiveCfg = Release|Any CPU
		{C81514CA-EBD8-4E9A-8249-993D560BE13A}.Release|Any CPU.Build.0 = Release|Any CPU
		{351D15B2-BE28-42D3-95C9-AEE694BD60B8}.Debug|Any CPU.ActiveCfg = Debug|Any CPU
		{351D15B2-BE28-42D3-95C9-AEE694BD60B8}.Debug|Any CPU.Build.0 = Debug|Any CPU
		{351D15B2-BE28-42D3-95C9-AEE694BD60B8}.Release|Any CPU.ActiveCfg = Release|Any CPU
		{351D15B2-BE28-42D3-95C9-AEE694BD60B8}.Release|Any CPU.Build.0 = Release|Any CPU
		{D662352C-22DE-4EDA-B83D-D8AD6569BA90}.Debug|Any CPU.ActiveCfg = Debug|Any CPU
		{D662352C-22DE-4EDA-B83D-D8AD6569BA90}.Debug|Any CPU.Build.0 = Debug|Any CPU
		{D662352C-22DE-4EDA-B83D-D8AD6569BA90}.Release|Any CPU.ActiveCfg = Release|Any CPU
		{D662352C-22DE-4EDA-B83D-D8AD6569BA90}.Release|Any CPU.Build.0 = Release|Any CPU
		{5829F057-5890-4A9E-A9CC-BB42FB396D19}.Debug|Any CPU.ActiveCfg = Debug|Any CPU
		{5829F057-5890-4A9E-A9CC-BB42FB396D19}.Debug|Any CPU.Build.0 = Debug|Any CPU
		{5829F057-5890-4A9E-A9CC-BB42FB396D19}.Release|Any CPU.ActiveCfg = Release|Any CPU
		{5829F057-5890-4A9E-A9CC-BB42FB396D19}.Release|Any CPU.Build.0 = Release|Any CPU
		{2652084C-0D1E-40D4-A072-CA50DD7EDBCC}.Debug|Any CPU.ActiveCfg = Debug|Any CPU
		{2652084C-0D1E-40D4-A072-CA50DD7EDBCC}.Debug|Any CPU.Build.0 = Debug|Any CPU
		{2652084C-0D1E-40D4-A072-CA50DD7EDBCC}.Release|Any CPU.ActiveCfg = Release|Any CPU
		{2652084C-0D1E-40D4-A072-CA50DD7EDBCC}.Release|Any CPU.Build.0 = Release|Any CPU
		{33413E3B-2890-430A-BE39-8BFCC286C682}.Debug|Any CPU.ActiveCfg = Debug|Any CPU
		{33413E3B-2890-430A-BE39-8BFCC286C682}.Debug|Any CPU.Build.0 = Debug|Any CPU
		{33413E3B-2890-430A-BE39-8BFCC286C682}.Release|Any CPU.ActiveCfg = Release|Any CPU
		{33413E3B-2890-430A-BE39-8BFCC286C682}.Release|Any CPU.Build.0 = Release|Any CPU
		{215EA113-2213-40EB-A2F6-A41514D2EF5D}.Debug|Any CPU.ActiveCfg = Debug|Any CPU
		{215EA113-2213-40EB-A2F6-A41514D2EF5D}.Debug|Any CPU.Build.0 = Debug|Any CPU
		{215EA113-2213-40EB-A2F6-A41514D2EF5D}.Release|Any CPU.ActiveCfg = Release|Any CPU
		{215EA113-2213-40EB-A2F6-A41514D2EF5D}.Release|Any CPU.Build.0 = Release|Any CPU
	EndGlobalSection
	GlobalSection(SolutionProperties) = preSolution
		HideSolutionNode = FALSE
	EndGlobalSection
	GlobalSection(NestedProjects) = preSolution
		{351D15B2-BE28-42D3-95C9-AEE694BD60B8} = {02EA681E-C7D8-13C7-8484-4AC65E1B71E8}
		{D662352C-22DE-4EDA-B83D-D8AD6569BA90} = {02EA681E-C7D8-13C7-8484-4AC65E1B71E8}
		{5829F057-5890-4A9E-A9CC-BB42FB396D19} = {02EA681E-C7D8-13C7-8484-4AC65E1B71E8}
		{2652084C-0D1E-40D4-A072-CA50DD7EDBCC} = {84726D92-294B-450E-BAC2-E6626B637A0B}
		{33413E3B-2890-430A-BE39-8BFCC286C682} = {84726D92-294B-450E-BAC2-E6626B637A0B}
	EndGlobalSection
	GlobalSection(ExtensibilityGlobals) = postSolution
		SolutionGuid = {84190EE4-5588-4A01-AFD1-9A2A6255C806}
	EndGlobalSection
EndGlobal
